
Microsoft Visual Studio Solution File, Format Version 12.00
# Visual Studio Version 16
VisualStudioVersion = 16.0.29318.209
MinimumVisualStudioVersion = 10.0.40219.1
Project("{FAE04EC0-301F-11D3-BF4B-00C04F79EFBC}") = "DenebStudio", "DenebStudio\DenebStudio.csproj", "{4BFC2F23-DAAA-499D-9769-CE4173C415DB}"
EndProject
Global
	GlobalSection(SolutionConfigurationPlatforms) = preSolution
		Debug|Any CPU = Debug|Any CPU
		Release|Any CPU = Release|Any CPU
	EndGlobalSection
	GlobalSection(ProjectConfigurationPlatforms) = postSolution
		{4BFC2F23-DAAA-499D-9769-CE4173C415DB}.Debug|Any CPU.ActiveCfg = Debug|Any CPU
		{4BFC2F23-DAAA-499D-9769-CE4173C415DB}.Debug|Any CPU.Build.0 = Debug|Any CPU
		{4BFC2F23-DAAA-499D-9769-CE4173C415DB}.Release|Any CPU.ActiveCfg = Release|Any CPU
		{4BFC2F23-DAAA-499D-9769-CE4173C415DB}.Release|Any CPU.Build.0 = Release|Any CPU
	EndGlobalSection
	GlobalSection(SolutionProperties) = preSolution
		HideSolutionNode = FALSE
	EndGlobalSection
	GlobalSection(ExtensibilityGlobals) = postSolution
		SolutionGuid = {8EE92FB3-53F2-4C36-8F84-3B0DEA35F5A9}
	EndGlobalSection
EndGlobal
